
Microsoft Visual Studio Solution File, Format Version 12.00
# Visual Studio Version 17
VisualStudioVersion = 17.9.34728.123
MinimumVisualStudioVersion = 10.0.40219.1
Project("{9A19103F-16F7-4668-BE54-9A1E7A4F7556}") = "KKNeuralNetwork", "KKNeuralNetwork.csproj", "{A5A969BD-C12B-42E6-8FA9-D6BD523BD7CE}"
EndProject
Project("{FAE04EC0-301F-11D3-BF4B-00C04F79EFBC}") = "NeuralNetworkDemo", "..\NeuralNetworkDemo\NeuralNetworkDemo.csproj", "{709ED441-E9F0-407D-B446-C51795BFB9B0}"
EndProject
Global
	GlobalSection(SolutionConfigurationPlatforms) = preSolution
		Debug|Any CPU = Debug|Any CPU
		Release|Any CPU = Release|Any CPU
	EndGlobalSection
	GlobalSection(ProjectConfigurationPlatforms) = postSolution
		{A5A969BD-C12B-42E6-8FA9-D6BD523BD7CE}.Debug|Any CPU.ActiveCfg = Debug|Any CPU
		{A5A969BD-C12B-42E6-8FA9-D6BD523BD7CE}.Debug|Any CPU.Build.0 = Debug|Any CPU
		{A5A969BD-C12B-42E6-8FA9-D6BD523BD7CE}.Release|Any CPU.ActiveCfg = Release|Any CPU
		{A5A969BD-C12B-42E6-8FA9-D6BD523BD7CE}.Release|Any CPU.Build.0 = Release|Any CPU
		{709ED441-E9F0-407D-B446-C51795BFB9B0}.Debug|Any CPU.ActiveCfg = Debug|Any CPU
		{709ED441-E9F0-407D-B446-C51795BFB9B0}.Debug|Any CPU.Build.0 = Debug|Any CPU
		{709ED441-E9F0-407D-B446-C51795BFB9B0}.Release|Any CPU.ActiveCfg = Release|Any CPU
		{709ED441-E9F0-407D-B446-C51795BFB9B0}.Release|Any CPU.Build.0 = Release|Any CPU
	EndGlobalSection
	GlobalSection(SolutionProperties) = preSolution
		HideSolutionNode = FALSE
	EndGlobalSection
	GlobalSection(ExtensibilityGlobals) = postSolution
		SolutionGuid = {53BB356E-A93E-4AD9-9818-834EAC6E4ED5}
	EndGlobalSection
EndGlobal
